// !$*UTF8*$!
{
	archiveVersion = 1;
	classes = {
	};
	objectVersion = 46;
	objects = {

/* Begin PBXBuildFile section */
		32C62EAF1DF0BB1C004C89BB /* AppDelegate.swift in Sources */ = {isa = PBXBuildFile; fileRef = 32C62EAE1DF0BB1C004C89BB /* AppDelegate.swift */; };
		32C62EB11DF0BB1C004C89BB /* ViewController.swift in Sources */ = {isa = PBXBuildFile; fileRef = 32C62EB01DF0BB1C004C89BB /* ViewController.swift */; };
		32C62EB41DF0BB1C004C89BB /* Main.storyboard in Resources */ = {isa = PBXBuildFile; fileRef = 32C62EB21DF0BB1C004C89BB /* Main.storyboard */; };
		32C62EB61DF0BB1C004C89BB /* Assets.xcassets in Resources */ = {isa = PBXBuildFile; fileRef = 32C62EB51DF0BB1C004C89BB /* Assets.xcassets */; };
		32C62EB91DF0BB1C004C89BB /* LaunchScreen.storyboard in Resources */ = {isa = PBXBuildFile; fileRef = 32C62EB71DF0BB1C004C89BB /* LaunchScreen.storyboard */; };
		32C62EC41DF0BB1D004C89BB /* InfoLoginTests.swift in Sources */ = {isa = PBXBuildFile; fileRef = 32C62EC31DF0BB1D004C89BB /* InfoLoginTests.swift */; };
		32C62ECF1DF0BB1D004C89BB /* InfoLoginUITests.swift in Sources */ = {isa = PBXBuildFile; fileRef = 32C62ECE1DF0BB1D004C89BB /* InfoLoginUITests.swift */; };
/* End PBXBuildFile section */

/* Begin PBXContainerItemProxy section */
		32C62EC01DF0BB1D004C89BB /* PBXContainerItemProxy */ = {
			isa = PBXContainerItemProxy;
			containerPortal = 32C62EA31DF0BB1C004C89BB /* Project object */;
			proxyType = 1;
			remoteGlobalIDString = 32C62EAA1DF0BB1C004C89BB;
			remoteInfo = InfoLogin;
		};
		32C62ECB1DF0BB1D004C89BB /* PBXContainerItemProxy */ = {
			isa = PBXContainerItemProxy;
			containerPortal = 32C62EA31DF0BB1C004C89BB /* Project object */;
			proxyType = 1;
			remoteGlobalIDString = 32C62EAA1DF0BB1C004C89BB;
			remoteInfo = InfoLogin;
		};
/* End PBXContainerItemProxy section */

/* Begin PBXFileReference section */
		32C62EAB1DF0BB1C004C89BB /* InfoLogin.app */ = {isa = PBXFileReference; explicitFileType = wrapper.application; includeInIndex = 0; path = InfoLogin.app; sourceTree = BUILT_PRODUCTS_DIR; };
		32C62EAE1DF0BB1C004C89BB /* AppDelegate.swift */ = {isa = PBXFileReference; lastKnownFileType = sourcecode.swift; path = AppDelegate.swift; sourceTree = "<group>"; };
		32C62EB01DF0BB1C004C89BB /* ViewController.swift */ = {isa = PBXFileReference; lastKnownFileType = sourcecode.swift; path = ViewController.swift; sourceTree = "<group>"; };
		32C62EB31DF0BB1C004C89BB /* Base */ = {isa = PBXFileReference; lastKnownFileType = file.storyboard; name = Base; path = Base.lproj/Main.storyboard; sourceTree = "<group>"; };
		32C62EB51DF0BB1C004C89BB /* Assets.xcassets */ = {isa = PBXFileReference; lastKnownFileType = folder.assetcatalog; path = Assets.xcassets; sourceTree = "<group>"; };
		32C62EB81DF0BB1C004C89BB /* Base */ = {isa = PBXFileReference; lastKnownFileType = file.storyboard; name = Base; path = Base.lproj/LaunchScreen.storyboard; sourceTree = "<group>"; };
		32C62EBA1DF0BB1C004C89BB /* Info.plist */ = {isa = PBXFileReference; lastKnownFileType = text.plist.xml; path = Info.plist; sourceTree = "<group>"; };
		32C62EBF1DF0BB1D004C89BB /* InfoLoginTests.xctest */ = {isa = PBXFileReference; explicitFileType = wrapper.cfbundle; includeInIndex = 0; path = InfoLoginTests.xctest; sourceTree = BUILT_PRODUCTS_DIR; };
		32C62EC31DF0BB1D004C89BB /* InfoLoginTests.swift */ = {isa = PBXFileReference; lastKnownFileType = sourcecode.swift; path = InfoLoginTests.swift; sourceTree = "<group>"; };
		32C62EC51DF0BB1D004C89BB /* Info.plist */ = {isa = PBXFileReference; lastKnownFileType = text.plist.xml; path = Info.plist; sourceTree = "<group>"; };
		32C62ECA1DF0BB1D004C89BB /* InfoLoginUITests.xctest */ = {isa = PBXFileReference; explicitFileType = wrapper.cfbundle; includeInIndex = 0; path = InfoLoginUITests.xctest; sourceTree = BUILT_PRODUCTS_DIR; };
		32C62ECE1DF0BB1D004C89BB /* InfoLoginUITests.swift */ = {isa = PBXFileReference; lastKnownFileType = sourcecode.swift; path = InfoLoginUITests.swift; sourceTree = "<group>"; };
		32C62ED01DF0BB1D004C89BB /* Info.plist */ = {isa = PBXFileReference; lastKnownFileType = text.plist.xml; path = Info.plist; sourceTree = "<group>"; };
/* End PBXFileReference section */

/* Begin PBXFrameworksBuildPhase section */
		32C62EA81DF0BB1C004C89BB /* Frameworks */ = {
			isa = PBXFrameworksBuildPhase;
			buildActionMask = 2147483647;
			files = (
			);
			runOnlyForDeploymentPostprocessing = 0;
		};
		32C62EBC1DF0BB1D004C89BB /* Frameworks */ = {
			isa = PBXFrameworksBuildPhase;
			buildActionMask = 2147483647;
			files = (
			);
			runOnlyForDeploymentPostprocessing = 0;
		};
		32C62EC71DF0BB1D004C89BB /* Frameworks */ = {
			isa = PBXFrameworksBuildPhase;
			buildActionMask = 2147483647;
			files = (
			);
			runOnlyForDeploymentPostprocessing = 0;
		};
/* End PBXFrameworksBuildPhase section */

/* Begin PBXGroup section */
		32C62EA21DF0BB1C004C89BB = {
			isa = PBXGroup;
			children = (
				32C62EAD1DF0BB1C004C89BB /* InfoLogin */,
				32C62EC21DF0BB1D004C89BB /* InfoLoginTests */,
				32C62ECD1DF0BB1D004C89BB /* InfoLoginUITests */,
				32C62EAC1DF0BB1C004C89BB /* Products */,
			);
			sourceTree = "<group>";
		};
		32C62EAC1DF0BB1C004C89BB /* Products */ = {
			isa = PBXGroup;
			children = (
				32C62EAB1DF0BB1C004C89BB /* InfoLogin.app */,
				32C62EBF1DF0BB1D004C89BB /* InfoLoginTests.xctest */,
				32C62ECA1DF0BB1D004C89BB /* InfoLoginUITests.xctest */,
			);
			name = Products;
			sourceTree = "<group>";
		};
		32C62EAD1DF0BB1C004C89BB /* InfoLogin */ = {
			isa = PBXGroup;
			children = (
				32C62EAE1DF0BB1C004C89BB /* AppDelegate.swift */,
				32C62EB01DF0BB1C004C89BB /* ViewController.swift */,
				32C62EB21DF0BB1C004C89BB /* Main.storyboard */,
				32C62EB51DF0BB1C004C89BB /* Assets.xcassets */,
				32C62EB71DF0BB1C004C89BB /* LaunchScreen.storyboard */,
				32C62EBA1DF0BB1C004C89BB /* Info.plist */,
			);
			path = InfoLogin;
			sourceTree = "<group>";
		};
		32C62EC21DF0BB1D004C89BB /* InfoLoginTests */ = {
			isa = PBXGroup;
			children = (
				32C62EC31DF0BB1D004C89BB /* InfoLoginTests.swift */,
				32C62EC51DF0BB1D004C89BB /* Info.plist */,
			);
			path = InfoLoginTests;
			sourceTree = "<group>";
		};
		32C62ECD1DF0BB1D004C89BB /* InfoLoginUITests */ = {
			isa = PBXGroup;
			children = (
				32C62ECE1DF0BB1D004C89BB /* InfoLoginUITests.swift */,
				32C62ED01DF0BB1D004C89BB /* Info.plist */,
			);
			path = InfoLoginUITests;
			sourceTree = "<group>";
		};
/* End PBXGroup section */

/* Begin PBXNativeTarget section */
		32C62EAA1DF0BB1C004C89BB /* InfoLogin */ = {
			isa = PBXNativeTarget;
			buildConfigurationList = 32C62ED31DF0BB1D004C89BB /* Build configuration list for PBXNativeTarget "InfoLogin" */;
			buildPhases = (
				32C62EA71DF0BB1C004C89BB /* Sources */,
				32C62EA81DF0BB1C004C89BB /* Frameworks */,
				32C62EA91DF0BB1C004C89BB /* Resources */,
			);
			buildRules = (
			);
			dependencies = (
			);
			name = InfoLogin;
			productName = InfoLogin;
			productReference = 32C62EAB1DF0BB1C004C89BB /* InfoLogin.app */;
			productType = "com.apple.product-type.application";
		};
		32C62EBE1DF0BB1D004C89BB /* InfoLoginTests */ = {
			isa = PBXNativeTarget;
			buildConfigurationList = 32C62ED61DF0BB1D004C89BB /* Build configuration list for PBXNativeTarget "InfoLoginTests" */;
			buildPhases = (
				32C62EBB1DF0BB1D004C89BB /* Sources */,
				32C62EBC1DF0BB1D004C89BB /* Frameworks */,
				32C62EBD1DF0BB1D004C89BB /* Resources */,
			);
			buildRules = (
			);
			dependencies = (
				32C62EC11DF0BB1D004C89BB /* PBXTargetDependency */,
			);
			name = InfoLoginTests;
			productName = InfoLoginTests;
			productReference = 32C62EBF1DF0BB1D004C89BB /* InfoLoginTests.xctest */;
			productType = "com.apple.product-type.bundle.unit-test";
		};
		32C62EC91DF0BB1D004C89BB /* InfoLoginUITests */ = {
			isa = PBXNativeTarget;
			buildConfigurationList = 32C62ED91DF0BB1D004C89BB /* Build configuration list for PBXNativeTarget "InfoLoginUITests" */;
			buildPhases = (
				32C62EC61DF0BB1D004C89BB /* Sources */,
				32C62EC71DF0BB1D004C89BB /* Frameworks */,
				32C62EC81DF0BB1D004C89BB /* Resources */,
			);
			buildRules = (
			);
			dependencies = (
				32C62ECC1DF0BB1D004C89BB /* PBXTargetDependency */,
			);
			name = InfoLoginUITests;
			productName = InfoLoginUITests;
			productReference = 32C62ECA1DF0BB1D004C89BB /* InfoLoginUITests.xctest */;
			productType = "com.apple.product-type.bundle.ui-testing";
		};
/* End PBXNativeTarget section */

/* Begin PBXProject section */
		32C62EA31DF0BB1C004C89BB /* Project object */ = {
			isa = PBXProject;
			attributes = {
				LastSwiftUpdateCheck = 0820;
				LastUpgradeCheck = 0820;
				ORGANIZATIONNAME = "Sriteja Thuraka";
				TargetAttributes = {
					32C62EAA1DF0BB1C004C89BB = {
						CreatedOnToolsVersion = 8.2;
						DevelopmentTeam = 37B3DTEVW5;
						ProvisioningStyle = Automatic;
					};
					32C62EBE1DF0BB1D004C89BB = {
						CreatedOnToolsVersion = 8.2;
						DevelopmentTeam = 37B3DTEVW5;
						ProvisioningStyle = Automatic;
						TestTargetID = 32C62EAA1DF0BB1C004C89BB;
					};
					32C62EC91DF0BB1D004C89BB = {
						CreatedOnToolsVersion = 8.2;
						DevelopmentTeam = 37B3DTEVW5;
						ProvisioningStyle = Automatic;
						TestTargetID = 32C62EAA1DF0BB1C004C89BB;
					};
				};
			};
			buildConfigurationList = 32C62EA61DF0BB1C004C89BB /* Build configuration list for PBXProject "InfoLogin" */;
			compatibilityVersion = "Xcode 3.2";
			developmentRegion = English;
			hasScannedForEncodings = 0;
			knownRegions = (
				en,
				Base,
			);
			mainGroup = 32C62EA21DF0BB1C004C89BB;
			productRefGroup = 32C62EAC1DF0BB1C004C89BB /* Products */;
			projectDirPath = "";
			projectRoot = "";
			targets = (
				32C62EAA1DF0BB1C004C89BB /* InfoLogin */,
				32C62EBE1DF0BB1D004C89BB /* InfoLoginTests */,
				32C62EC91DF0BB1D004C89BB /* InfoLoginUITests */,
			);
		};
/* End PBXProject section */

/* Begin PBXResourcesBuildPhase section */
		32C62EA91DF0BB1C004C89BB /* Resources */ = {
			isa = PBXResourcesBuildPhase;
			buildActionMask = 2147483647;
			files = (
				32C62EB91DF0BB1C004C89BB /* LaunchScreen.storyboard in Resources */,
				32C62EB61DF0BB1C004C89BB /* Assets.xcassets in Resources */,
				32C62EB41DF0BB1C004C89BB /* Main.storyboard in Resources */,
			);
			runOnlyForDeploymentPostprocessing = 0;
		};
		32C62EBD1DF0BB1D004C89BB /* Resources */ = {
			isa = PBXResourcesBuildPhase;
			buildActionMask = 2147483647;
			files = (
			);
			runOnlyForDeploymentPostprocessing = 0;
		};
		32C62EC81DF0BB1D004C89BB /* Resources */ = {
			isa = PBXResourcesBuildPhase;
			buildActionMask = 2147483647;
			files = (
			);
			runOnlyForDeploymentPostprocessing = 0;
		};
/* End PBXResourcesBuildPhase section */

/* Begin PBXSourcesBuildPhase section */
		32C62EA71DF0BB1C004C89BB /* Sources */ = {
			isa = PBXSourcesBuildPhase;
			buildActionMask = 2147483647;
			files = (
				32C62EB11DF0BB1C004C89BB /* ViewController.swift in Sources */,
				32C62EAF1DF0BB1C004C89BB /* AppDelegate.swift in Sources */,
			);
			runOnlyForDeploymentPostprocessing = 0;
		};
		32C62EBB1DF0BB1D004C89BB /* Sources */ = {
			isa = PBXSourcesBuildPhase;
			buildActionMask = 2147483647;
			files = (
				32C62EC41DF0BB1D004C89BB /* InfoLoginTests.swift in Sources */,
			);
			runOnlyForDeploymentPostprocessing = 0;
		};
		32C62EC61DF0BB1D004C89BB /* Sources */ = {
			isa = PBXSourcesBuildPhase;
			buildActionMask = 2147483647;
			files = (
				32C62ECF1DF0BB1D004C89BB /* InfoLoginUITests.swift in Sources */,
			);
			runOnlyForDeploymentPostprocessing = 0;
		};
/* End PBXSourcesBuildPhase section */

/* Begin PBXTargetDependency section */
		32C62EC11DF0BB1D004C89BB /* PBXTargetDependency */ = {
			isa = PBXTargetDependency;
			target = 32C62EAA1DF0BB1C004C89BB /* InfoLogin */;
			targetProxy = 32C62EC01DF0BB1D004C89BB /* PBXContainerItemProxy */;
		};
		32C62ECC1DF0BB1D004C89BB /* PBXTargetDependency */ = {
			isa = PBXTargetDependency;
			target = 32C62EAA1DF0BB1C004C89BB /* InfoLogin */;
			targetProxy = 32C62ECB1DF0BB1D004C89BB /* PBXContainerItemProxy */;
		};
/* End PBXTargetDependency section */

/* Begin PBXVariantGroup section */
		32C62EB21DF0BB1C004C89BB /* Main.storyboard */ = {
			isa = PBXVariantGroup;
			children = (
				32C62EB31DF0BB1C004C89BB /* Base */,
			);
			name = Main.storyboard;
			sourceTree = "<group>";
		};
		32C62EB71DF0BB1C004C89BB /* LaunchScreen.storyboard */ = {
			isa = PBXVariantGroup;
			children = (
				32C62EB81DF0BB1C004C89BB /* Base */,
			);
			name = LaunchScreen.storyboard;
			sourceTree = "<group>";
		};
/* End PBXVariantGroup section */

/* Begin XCBuildConfiguration section */
		32C62ED11DF0BB1D004C89BB /* Debug */ = {
			isa = XCBuildConfiguration;
			buildSettings = {
				ALWAYS_SEARCH_USER_PATHS = NO;
				CLANG_ANALYZER_NONNULL = YES;
				CLANG_CXX_LANGUAGE_STANDARD = "gnu++0x";
				CLANG_CXX_LIBRARY = "libc++";
				CLANG_ENABLE_MODULES = YES;
				CLANG_ENABLE_OBJC_ARC = YES;
				CLANG_WARN_BOOL_CONVERSION = YES;
				CLANG_WARN_CONSTANT_CONVERSION = YES;
				CLANG_WARN_DIRECT_OBJC_ISA_USAGE = YES_ERROR;
				CLANG_WARN_DOCUMENTATION_COMMENTS = YES;
				CLANG_WARN_EMPTY_BODY = YES;
				CLANG_WARN_ENUM_CONVERSION = YES;
				CLANG_WARN_INFINITE_RECURSION = YES;
				CLANG_WARN_INT_CONVERSION = YES;
				CLANG_WARN_OBJC_ROOT_CLASS = YES_ERROR;
				CLANG_WARN_SUSPICIOUS_MOVE = YES;
				CLANG_WARN_UNREACHABLE_CODE = YES;
				CLANG_WARN__DUPLICATE_METHOD_MATCH = YES;
				"CODE_SIGN_IDENTITY[sdk=iphoneos*]" = "iPhone Developer";
				COPY_PHASE_STRIP = NO;
				DEBUG_INFORMATION_FORMAT = dwarf;
				ENABLE_STRICT_OBJC_MSGSEND = YES;
				ENABLE_TESTABILITY = YES;
				GCC_C_LANGUAGE_STANDARD = gnu99;
				GCC_DYNAMIC_NO_PIC = NO;
				GCC_NO_COMMON_BLOCKS = YES;
				GCC_OPTIMIZATION_LEVEL = 0;
				GCC_PREPROCESSOR_DEFINITIONS = (
					"DEBUG=1",
					"$(inherited)",
				);
				GCC_WARN_64_TO_32_BIT_CONVERSION = YES;
				GCC_WARN_ABOUT_RETURN_TYPE = YES_ERROR;
				GCC_WARN_UNDECLARED_SELECTOR = YES;
				GCC_WARN_UNINITIALIZED_AUTOS = YES_AGGRESSIVE;
				GCC_WARN_UNUSED_FUNCTION = YES;
				GCC_WARN_UNUSED_VARIABLE = YES;
				IPHONEOS_DEPLOYMENT_TARGET = 10.2;
				MTL_ENABLE_DEBUG_INFO = YES;
				ONLY_ACTIVE_ARCH = YES;
				SDKROOT = iphoneos;
				SWIFT_ACTIVE_COMPILATION_CONDITIONS = DEBUG;
				SWIFT_OPTIMIZATION_LEVEL = "-Onone";
			};
			name = Debug;
		};
		32C62ED21DF0BB1D004C89BB /* Release */ = {
			isa = XCBuildConfiguration;
			buildSettings = {
				ALWAYS_SEARCH_USER_PATHS = NO;
				CLANG_ANALYZER_NONNULL = YES;
				CLANG_CXX_LANGUAGE_STANDARD = "gnu++0x";
				CLANG_CXX_LIBRARY = "libc++";
				CLANG_ENABLE_MODULES = YES;
				CLANG_ENABLE_OBJC_ARC = YES;
				CLANG_WARN_BOOL_CONVERSION = YES;
				CLANG_WARN_CONSTANT_CONVERSION = YES;
				CLANG_WARN_DIRECT_OBJC_ISA_USAGE = YES_ERROR;
				CLANG_WARN_DOCUMENTATION_COMMENTS = YES;
				CLANG_WARN_EMPTY_BODY = YES;
				CLANG_WARN_ENUM_CONVERSION = YES;
				CLANG_WARN_INFINITE_RECURSION = YES;
				CLANG_WARN_INT_CONVERSION = YES;
				CLANG_WARN_OBJC_ROOT_CLASS = YES_ERROR;
				CLANG_WARN_SUSPICIOUS_MOVE = YES;
				CLANG_WARN_UNREACHABLE_CODE = YES;
				CLANG_WARN__DUPLICATE_METHOD_MATCH = YES;
				"CODE_SIGN_IDENTITY[sdk=iphoneos*]" = "iPhone Developer";
				COPY_PHASE_STRIP = NO;
				DEBUG_INFORMATION_FORMAT = "dwarf-with-dsym";
				ENABLE_NS_ASSERTIONS = NO;
				ENABLE_STRICT_OBJC_MSGSEND = YES;
				GCC_C_LANGUAGE_STANDARD = gnu99;
				GCC_NO_COMMON_BLOCKS = YES;
				GCC_WARN_64_TO_32_BIT_CONVERSION = YES;
				GCC_WARN_ABOUT_RETURN_TYPE = YES_ERROR;
				GCC_WARN_UNDECLARED_SELECTOR = YES;
				GCC_WARN_UNINITIALIZED_AUTOS = YES_AGGRESSIVE;
				GCC_WARN_UNUSED_FUNCTION = YES;
				GCC_WARN_UNUSED_VARIABLE = YES;
				IPHONEOS_DEPLOYMENT_TARGET = 10.2;
				MTL_ENABLE_DEBUG_INFO = NO;
				SDKROOT = iphoneos;
				SWIFT_OPTIMIZATION_LEVEL = "-Owholemodule";
				VALIDATE_PRODUCT = YES;
			};
			name = Release;
		};
		32C62ED41DF0BB1D004C89BB /* Debug */ = {
			isa = XCBuildConfiguration;
			buildSettings = {
				ASSETCATALOG_COMPILER_APPICON_NAME = AppIcon;
				DEVELOPMENT_TEAM = 37B3DTEVW5;
				INFOPLIST_FILE = InfoLogin/Info.plist;
				LD_RUNPATH_SEARCH_PATHS = "$(inherited) @executable_path/Frameworks";
				PRODUCT_BUNDLE_IDENTIFIER = com.InfoLogin.InfoLogin;
				PRODUCT_NAME = "$(TARGET_NAME)";
				SWIFT_VERSION = 3.0;
			};
			name = Debug;
		};
		32C62ED51DF0BB1D004C89BB /* Release */ = {
			isa = XCBuildConfiguration;
			buildSettings = {
				ASSETCATALOG_COMPILER_APPICON_NAME = AppIcon;
				DEVELOPMENT_TEAM = 37B3DTEVW5;
				INFOPLIST_FILE = InfoLogin/Info.plist;
				LD_RUNPATH_SEARCH_PATHS = "$(inherited) @executable_path/Frameworks";
				PRODUCT_BUNDLE_IDENTIFIER = com.InfoLogin.InfoLogin;
				PRODUCT_NAME = "$(TARGET_NAME)";
				SWIFT_VERSION = 3.0;
			};
			name = Release;
		};
		32C62ED71DF0BB1D004C89BB /* Debug */ = {
			isa = XCBuildConfiguration;
			buildSettings = {
				ALWAYS_EMBED_SWIFT_STANDARD_LIBRARIES = YES;
				BUNDLE_LOADER = "$(TEST_HOST)";
				DEVELOPMENT_TEAM = 37B3DTEVW5;
				INFOPLIST_FILE = InfoLoginTests/Info.plist;
				LD_RUNPATH_SEARCH_PATHS = "$(inherited) @executable_path/Frameworks @loader_path/Frameworks";
				PRODUCT_BUNDLE_IDENTIFIER = com.InfoLogin.InfoLoginTests;
				PRODUCT_NAME = "$(TARGET_NAME)";
				SWIFT_VERSION = 3.0;
				TEST_HOST = "$(BUILT_PRODUCTS_DIR)/InfoLogin.app/InfoLogin";
			};
			name = Debug;
		};
		32C62ED81DF0BB1D004C89BB /* Release */ = {
			isa = XCBuildConfiguration;
			buildSettings = {
				ALWAYS_EMBED_SWIFT_STANDARD_LIBRARIES = YES;
				BUNDLE_LOADER = "$(TEST_HOST)";
				DEVELOPMENT_TEAM = 37B3DTEVW5;
				INFOPLIST_FILE = InfoLoginTests/Info.plist;
				LD_RUNPATH_SEARCH_PATHS = "$(inherited) @executable_path/Frameworks @loader_path/Frameworks";
				PRODUCT_BUNDLE_IDENTIFIER = com.InfoLogin.InfoLoginTests;
				PRODUCT_NAME = "$(TARGET_NAME)";
				SWIFT_VERSION = 3.0;
				TEST_HOST = "$(BUILT_PRODUCTS_DIR)/InfoLogin.app/InfoLogin";
			};
			name = Release;
		};
		32C62EDA1DF0BB1D004C89BB /* Debug */ = {
			isa = XCBuildConfiguration;
			buildSettings = {
				ALWAYS_EMBED_SWIFT_STANDARD_LIBRARIES = YES;
				DEVELOPMENT_TEAM = 37B3DTEVW5;
				INFOPLIST_FILE = InfoLoginUITests/Info.plist;
				LD_RUNPATH_SEARCH_PATHS = "$(inherited) @executable_path/Frameworks @loader_path/Frameworks";
				PRODUCT_BUNDLE_IDENTIFIER = com.InfoLogin.InfoLoginUITests;
				PRODUCT_NAME = "$(TARGET_NAME)";
				SWIFT_VERSION = 3.0;
				TEST_TARGET_NAME = InfoLogin;
			};
			name = Debug;
		};
		32C62EDB1DF0BB1D004C89BB /* Release */ = {
			isa = XCBuildConfiguration;
			buildSettings = {
				ALWAYS_EMBED_SWIFT_STANDARD_LIBRARIES = YES;
				DEVELOPMENT_TEAM = 37B3DTEVW5;
				INFOPLIST_FILE = InfoLoginUITests/Info.plist;
				LD_RUNPATH_SEARCH_PATHS = "$(inherited) @executable_path/Frameworks @loader_path/Frameworks";
				PRODUCT_BUNDLE_IDENTIFIER = com.InfoLogin.InfoLoginUITests;
				PRODUCT_NAME = "$(TARGET_NAME)";
				SWIFT_VERSION = 3.0;
				TEST_TARGET_NAME = InfoLogin;
			};
			name = Release;
		};
/* End XCBuildConfiguration section */

/* Begin XCConfigurationList section */
		32C62EA61DF0BB1C004C89BB /* Build configuration list for PBXProject "InfoLogin" */ = {
			isa = XCConfigurationList;
			buildConfigurations = (
				32C62ED11DF0BB1D004C89BB /* Debug */,
				32C62ED21DF0BB1D004C89BB /* Release */,
			);
			defaultConfigurationIsVisible = 0;
			defaultConfigurationName = Release;
		};
		32C62ED31DF0BB1D004C89BB /* Build configuration list for PBXNativeTarget "InfoLogin" */ = {
			isa = XCConfigurationList;
			buildConfigurations = (
				32C62ED41DF0BB1D004C89BB /* Debug */,
				32C62ED51DF0BB1D004C89BB /* Release */,
			);
			defaultConfigurationIsVisible = 0;
		};
		32C62ED61DF0BB1D004C89BB /* Build configuration list for PBXNativeTarget "InfoLoginTests" */ = {
			isa = XCConfigurationList;
			buildConfigurations = (
				32C62ED71DF0BB1D004C89BB /* Debug */,
				32C62ED81DF0BB1D004C89BB /* Release */,
			);
			defaultConfigurationIsVisible = 0;
		};
		32C62ED91DF0BB1D004C89BB /* Build configuration list for PBXNativeTarget "InfoLoginUITests" */ = {
			isa = XCConfigurationList;
			buildConfigurations = (
				32C62EDA1DF0BB1D004C89BB /* Debug */,
				32C62EDB1DF0BB1D004C89BB /* Release */,
			);
			defaultConfigurationIsVisible = 0;
		};
/* End XCConfigurationList section */
	};
	rootObject = 32C62EA31DF0BB1C004C89BB /* Project object */;
}
